
Microsoft Visual Studio Solution File, Format Version 12.00
# Visual Studio Version 16
VisualStudioVersion = 16.0.33927.289
MinimumVisualStudioVersion = 10.0.40219.1
Project("{2150E333-8FDC-42A3-9474-1A3956D46DE8}") = "Task0", "Task0", "{288183A0-5841-497A-976A-90F71351E27E}"
EndProject
Project("{FAE04EC0-301F-11D3-BF4B-00C04F79EFBC}") = "Tyuiu.KoptyaevRS.Sprint0.Task0.V0", "Tyuiu.KoptyaevRS.Sprint0.Task0.V0\Tyuiu.KoptyaevRS.Sprint0.Task0.V0.csproj", "{69DC7184-66D5-48C1-8BD7-2C2F156A4AAE}"
EndProject
Project("{2150E333-8FDC-42A3-9474-1A3956D46DE8}") = "Task1", "Task1", "{92B09792-4ACF-4937-B001-7D6D9422B87B}"
EndProject
Project("{FAE04EC0-301F-11D3-BF4B-00C04F79EFBC}") = "Tyuiu.KoptyaevRS.Sprint0.Task1.V0", "Tyuiu.KoptyaevRS.Sprint0.Task1.V0\Tyuiu.KoptyaevRS.Sprint0.Task1.V0.csproj", "{3A1E6514-AF52-44C5-A927-5D5B5C6C89E5}"
EndProject
Project("{2150E333-8FDC-42A3-9474-1A3956D46DE8}") = "Task2", "Task2", "{8FAEDCD7-CD46-48E1-8F1C-1A72291B440F}"
EndProject
Project("{FAE04EC0-301F-11D3-BF4B-00C04F79EFBC}") = "Tyuiu.KoptyaevRS.Sprint0.Task2.V0", "Tyuiu.KoptyaevRS.Sprint0.Task2.V0\Tyuiu.KoptyaevRS.Sprint0.Task2.V0.csproj", "{2412663A-F345-42AA-BEA1-3BF6AE7F7C39}"
EndProject
Project("{FAE04EC0-301F-11D3-BF4B-00C04F79EFBC}") = "Tyuiu.KoptyaevRS.Sprint0.Task2.V0.Lib", "Tyuiu.KoptyaevRS.Sprint0.Task2.V0.Lib\Tyuiu.KoptyaevRS.Sprint0.Task2.V0.Lib.csproj", "{2FBD614D-7717-4203-BD7C-9226FC0418D3}"
EndProject
Project("{FAE04EC0-301F-11D3-BF4B-00C04F79EFBC}") = "Tyuiu.KoptyaevRS.Sprint0.Task2.V0.Test", "Tyuiu.KoptyaevRS.Sprint0.Task2.V0.Test\Tyuiu.KoptyaevRS.Sprint0.Task2.V0.Test.csproj", "{F6900941-A8EA-4CB1-94CC-FF6ACE7903C9}"
EndProject
Project("{2150E333-8FDC-42A3-9474-1A3956D46DE8}") = "Task3", "Task3", "{9CC69C82-3D7F-4894-A1FF-5B81C171D09F}"
EndProject
Project("{FAE04EC0-301F-11D3-BF4B-00C04F79EFBC}") = "Tyuiu.KoptyaevRS.Sprint0.Task3.V0", "Tyuiu.KoptyaevRS.Sprint0.Task3.V0\Tyuiu.KoptyaevRS.Sprint0.Task3.V0.csproj", "{E58DC69D-B7FB-4B8C-BAF4-9D14C5D0E2EA}"
EndProject
Project("{FAE04EC0-301F-11D3-BF4B-00C04F79EFBC}") = "Tyuiu.KoptyaevRS.Sprint0.Task3.V0.Lib", "Tyuiu.KoptyaevRS.Sprint0.Task3.V0.Lib\Tyuiu.KoptyaevRS.Sprint0.Task3.V0.Lib.csproj", "{A7BF7A1D-6CE2-4CE1-952B-02F569481CE0}"
EndProject
Project("{FAE04EC0-301F-11D3-BF4B-00C04F79EFBC}") = "Tyuiu.KoptyaevRS.Sprint0.Task3.V0.Test", "Tyuiu.KoptyaevRS.Sprint0.Task3.V0.Test\Tyuiu.KoptyaevRS.Sprint0.Task3.V0.Test.csproj", "{FBEFB6AA-990A-49A0-A0AD-3E84F757EBA4}"
EndProject
Project("{2150E333-8FDC-42A3-9474-1A3956D46DE8}") = "Task4", "Task4", "{0AD11E87-623F-4B4F-A2DA-F52655322E5D}"
EndProject
Project("{FAE04EC0-301F-11D3-BF4B-00C04F79EFBC}") = "Tyuiu.KoptyaevRS.Sprint0.Task4.V0", "Tyuiu.KoptyaevRS.Sprint0.Task4.V0\Tyuiu.KoptyaevRS.Sprint0.Task4.V0.csproj", "{96721C1F-821F-4FCB-9535-719963412DA0}"
EndProject
Project("{FAE04EC0-301F-11D3-BF4B-00C04F79EFBC}") = "Tyuiu.KoptyaevRS.Sprint0.Task4.V0.Lib", "Tyuiu.KoptyaevRS.Sprint0.Task4.V0.Lib\Tyuiu.KoptyaevRS.Sprint0.Task4.V0.Lib.csproj", "{9CED485F-F6EF-4AB7-8EB5-D2858255E9B6}"
EndProject
Project("{FAE04EC0-301F-11D3-BF4B-00C04F79EFBC}") = "Tyuiu.KoptyaevRS.Sprint0.Task4.V0.Test", "Tyuiu.KoptyaevRS.Sprint0.Task4.V0.Test\Tyuiu.KoptyaevRS.Sprint0.Task4.V0.Test.csproj", "{4010E0A0-732B-4680-BA7C-622671A47E55}"
EndProject
Project("{2150E333-8FDC-42A3-9474-1A3956D46DE8}") = "Task5", "Task5", "{636863A1-6B3A-4036-89EB-5A1D7A281F4B}"
EndProject
Project("{FAE04EC0-301F-11D3-BF4B-00C04F79EFBC}") = "Tyuiu.KoptyaevRS.Sprint0.Task5.V0", "Tyuiu.KoptyaevRS.Sprint0.Task5.V0\Tyuiu.KoptyaevRS.Sprint0.Task5.V0.csproj", "{1B83CAA8-C019-4F88-9209-59F7EABAC5CA}"
EndProject
Project("{FAE04EC0-301F-11D3-BF4B-00C04F79EFBC}") = "Tyuiu.KoptyaevRS.Sprint0.Task5.V0.Lib", "Tyuiu.KoptyaevRS.Sprint0.Task5.V0.Lib\Tyuiu.KoptyaevRS.Sprint0.Task5.V0.Lib.csproj", "{94FC322A-9A53-4F36-A839-3262A76C2712}"
EndProject
Project("{FAE04EC0-301F-11D3-BF4B-00C04F79EFBC}") = "Tyuiu.KoptyaevRS.Sprint0.Task5.V0.Test", "Tyuiu.KoptyaevRS.Sprint0.Task5.V0.Test\Tyuiu.KoptyaevRS.Sprint0.Task5.V0.Test.csproj", "{8FB8CEE3-BE3D-428F-9068-CD8A3E6E86F3}"
EndProject
Project("{2150E333-8FDC-42A3-9474-1A3956D46DE8}") = "Task6", "Task6", "{67F516FA-1050-4F57-B486-71606339C7A5}"
EndProject
Project("{FAE04EC0-301F-11D3-BF4B-00C04F79EFBC}") = "Tyuiu.KoptyaevRS.Sprint0.Task6.V0", "Tyuiu.KoptyaevRS.Sprint0.Task6.V0\Tyuiu.KoptyaevRS.Sprint0.Task6.V0.csproj", "{E0DD16C6-E9A8-4D15-9A88-C28B663BF4A8}"
EndProject
Project("{FAE04EC0-301F-11D3-BF4B-00C04F79EFBC}") = "Tyuiu.KoptyaevRS.Sprint0.Task6.V0.Lib", "Tyuiu.KoptyaevRS.Sprint0.Task6.V0.Lib\Tyuiu.KoptyaevRS.Sprint0.Task6.V0.Lib.csproj", "{E3EAE271-7991-4987-914E-CB81CC16CF1C}"
EndProject
Project("{FAE04EC0-301F-11D3-BF4B-00C04F79EFBC}") = "Tyuiu.KoptyaevRS.Sprint0.Task6.V0.Test", "Tyuiu.KoptyaevRS.Sprint0.Task6.V0.Test\Tyuiu.KoptyaevRS.Sprint0.Task6.V0.Test.csproj", "{71B030AB-45F6-419F-BF05-98B43DBBF38C}"
EndProject
Project("{2150E333-8FDC-42A3-9474-1A3956D46DE8}") = "Task7", "Task7", "{7164516D-AC36-43AC-B51B-A867424DB0A6}"
EndProject
Project("{FAE04EC0-301F-11D3-BF4B-00C04F79EFBC}") = "Tyuiu.KoptyaevRS.Sprint0.Task7.V0", "Tyuiu.KoptyaevRS.Sprint0.Task7.V0\Tyuiu.KoptyaevRS.Sprint0.Task7.V0.csproj", "{F7D45ABF-53F8-4C3C-A530-BF25B4A12523}"
EndProject
Project("{FAE04EC0-301F-11D3-BF4B-00C04F79EFBC}") = "Tyuiu.KoptyaevRS.Sprint0.Task7.V0.Lib", "Tyuiu.KoptyaevRS.Sprint0.Task7.V0.Lib\Tyuiu.KoptyaevRS.Sprint0.Task7.V0.Lib.csproj", "{8E0EFDD2-2C9C-4F33-B107-FA3ABD862134}"
EndProject
Project("{FAE04EC0-301F-11D3-BF4B-00C04F79EFBC}") = "Tyuiu.KoptyaevRS.Sprint0.Task7.V0.Test", "Tyuiu.KoptyaevRS.Sprint0.Task7.V0.Test\Tyuiu.KoptyaevRS.Sprint0.Task7.V0.Test.csproj", "{CFD7FB99-2987-400E-A9B5-5DB1845A28B7}"
EndProject
Global
	GlobalSection(SolutionConfigurationPlatforms) = preSolution
		Debug|Any CPU = Debug|Any CPU
		Release|Any CPU = Release|Any CPU
	EndGlobalSection
	GlobalSection(ProjectConfigurationPlatforms) = postSolution
		{69DC7184-66D5-48C1-8BD7-2C2F156A4AAE}.Debug|Any CPU.ActiveCfg = Debug|Any CPU
		{69DC7184-66D5-48C1-8BD7-2C2F156A4AAE}.Debug|Any CPU.Build.0 = Debug|Any CPU
		{69DC7184-66D5-48C1-8BD7-2C2F156A4AAE}.Release|Any CPU.ActiveCfg = Release|Any CPU
		{69DC7184-66D5-48C1-8BD7-2C2F156A4AAE}.Release|Any CPU.Build.0 = Release|Any CPU
		{3A1E6514-AF52-44C5-A927-5D5B5C6C89E5}.Debug|Any CPU.ActiveCfg = Debug|Any CPU
		{3A1E6514-AF52-44C5-A927-5D5B5C6C89E5}.Debug|Any CPU.Build.0 = Debug|Any CPU
		{3A1E6514-AF52-44C5-A927-5D5B5C6C89E5}.Release|Any CPU.ActiveCfg = Release|Any CPU
		{3A1E6514-AF52-44C5-A927-5D5B5C6C89E5}.Release|Any CPU.Build.0 = Release|Any CPU
		{2412663A-F345-42AA-BEA1-3BF6AE7F7C39}.Debug|Any CPU.ActiveCfg = Debug|Any CPU
		{2412663A-F345-42AA-BEA1-3BF6AE7F7C39}.Debug|Any CPU.Build.0 = Debug|Any CPU
		{2412663A-F345-42AA-BEA1-3BF6AE7F7C39}.Release|Any CPU.ActiveCfg = Release|Any CPU
		{2412663A-F345-42AA-BEA1-3BF6AE7F7C39}.Release|Any CPU.Build.0 = Release|Any CPU
		{2FBD614D-7717-4203-BD7C-9226FC0418D3}.Debug|Any CPU.ActiveCfg = Debug|Any CPU
		{2FBD614D-7717-4203-BD7C-9226FC0418D3}.Debug|Any CPU.Build.0 = Debug|Any CPU
		{2FBD614D-7717-4203-BD7C-9226FC0418D3}.Release|Any CPU.ActiveCfg = Release|Any CPU
		{2FBD614D-7717-4203-BD7C-9226FC0418D3}.Release|Any CPU.Build.0 = Release|Any CPU
		{F6900941-A8EA-4CB1-94CC-FF6ACE7903C9}.Debug|Any CPU.ActiveCfg = Debug|Any CPU
		{F6900941-A8EA-4CB1-94CC-FF6ACE7903C9}.Debug|Any CPU.Build.0 = Debug|Any CPU
		{F6900941-A8EA-4CB1-94CC-FF6ACE7903C9}.Release|Any CPU.ActiveCfg = Release|Any CPU
		{F6900941-A8EA-4CB1-94CC-FF6ACE7903C9}.Release|Any CPU.Build.0 = Release|Any CPU
		{E58DC69D-B7FB-4B8C-BAF4-9D14C5D0E2EA}.Debug|Any CPU.ActiveCfg = Debug|Any CPU
		{E58DC69D-B7FB-4B8C-BAF4-9D14C5D0E2EA}.Debug|Any CPU.Build.0 = Debug|Any CPU
		{E58DC69D-B7FB-4B8C-BAF4-9D14C5D0E2EA}.Release|Any CPU.ActiveCfg = Release|Any CPU
		{E58DC69D-B7FB-4B8C-BAF4-9D14C5D0E2EA}.Release|Any CPU.Build.0 = Release|Any CPU
		{A7BF7A1D-6CE2-4CE1-952B-02F569481CE0}.Debug|Any CPU.ActiveCfg = Debug|Any CPU
		{A7BF7A1D-6CE2-4CE1-952B-02F569481CE0}.Debug|Any CPU.Build.0 = Debug|Any CPU
		{A7BF7A1D-6CE2-4CE1-952B-02F569481CE0}.Release|Any CPU.ActiveCfg = Release|Any CPU
		{A7BF7A1D-6CE2-4CE1-952B-02F569481CE0}.Release|Any CPU.Build.0 = Release|Any CPU
		{FBEFB6AA-990A-49A0-A0AD-3E84F757EBA4}.Debug|Any CPU.ActiveCfg = Debug|Any CPU
		{FBEFB6AA-990A-49A0-A0AD-3E84F757EBA4}.Debug|Any CPU.Build.0 = Debug|Any CPU
		{FBEFB6AA-990A-49A0-A0AD-3E84F757EBA4}.Release|Any CPU.ActiveCfg = Release|Any CPU
		{FBEFB6AA-990A-49A0-A0AD-3E84F757EBA4}.Release|Any CPU.Build.0 = Release|Any CPU
		{96721C1F-821F-4FCB-9535-719963412DA0}.Debug|Any CPU.ActiveCfg = Debug|Any CPU
		{96721C1F-821F-4FCB-9535-719963412DA0}.Debug|Any CPU.Build.0 = Debug|Any CPU
		{96721C1F-821F-4FCB-9535-719963412DA0}.Release|Any CPU.ActiveCfg = Release|Any CPU
		{96721C1F-821F-4FCB-9535-719963412DA0}.Release|Any CPU.Build.0 = Release|Any CPU
		{9CED485F-F6EF-4AB7-8EB5-D2858255E9B6}.Debug|Any CPU.ActiveCfg = Debug|Any CPU
		{9CED485F-F6EF-4AB7-8EB5-D2858255E9B6}.Debug|Any CPU.Build.0 = Debug|Any CPU
		{9CED485F-F6EF-4AB7-8EB5-D2858255E9B6}.Release|Any CPU.ActiveCfg = Release|Any CPU
		{9CED485F-F6EF-4AB7-8EB5-D2858255E9B6}.Release|Any CPU.Build.0 = Release|Any CPU
		{4010E0A0-732B-4680-BA7C-622671A47E55}.Debug|Any CPU.ActiveCfg = Debug|Any CPU
		{4010E0A0-732B-4680-BA7C-622671A47E55}.Debug|Any CPU.Build.0 = Debug|Any CPU
		{4010E0A0-732B-4680-BA7C-622671A47E55}.Release|Any CPU.ActiveCfg = Release|Any CPU
		{4010E0A0-732B-4680-BA7C-622671A47E55}.Release|Any CPU.Build.0 = Release|Any CPU
		{1B83CAA8-C019-4F88-9209-59F7EABAC5CA}.Debug|Any CPU.ActiveCfg = Debug|Any CPU
		{1B83CAA8-C019-4F88-9209-59F7EABAC5CA}.Debug|Any CPU.Build.0 = Debug|Any CPU
		{1B83CAA8-C019-4F88-9209-59F7EABAC5CA}.Release|Any CPU.ActiveCfg = Release|Any CPU
		{1B83CAA8-C019-4F88-9209-59F7EABAC5CA}.Release|Any CPU.Build.0 = Release|Any CPU
		{94FC322A-9A53-4F36-A839-3262A76C2712}.Debug|Any CPU.ActiveCfg = Debug|Any CPU
		{94FC322A-9A53-4F36-A839-3262A76C2712}.Debug|Any CPU.Build.0 = Debug|Any CPU
		{94FC322A-9A53-4F36-A839-3262A76C2712}.Release|Any CPU.ActiveCfg = Release|Any CPU
		{94FC322A-9A53-4F36-A839-3262A76C2712}.Release|Any CPU.Build.0 = Release|Any CPU
		{8FB8CEE3-BE3D-428F-9068-CD8A3E6E86F3}.Debug|Any CPU.ActiveCfg = Debug|Any CPU
		{8FB8CEE3-BE3D-428F-9068-CD8A3E6E86F3}.Debug|Any CPU.Build.0 = Debug|Any CPU
		{8FB8CEE3-BE3D-428F-9068-CD8A3E6E86F3}.Release|Any CPU.ActiveCfg = Release|Any CPU
		{8FB8CEE3-BE3D-428F-9068-CD8A3E6E86F3}.Release|Any CPU.Build.0 = Release|Any CPU
		{E0DD16C6-E9A8-4D15-9A88-C28B663BF4A8}.Debug|Any CPU.ActiveCfg = Debug|Any CPU
		{E0DD16C6-E9A8-4D15-9A88-C28B663BF4A8}.Debug|Any CPU.Build.0 = Debug|Any CPU
		{E0DD16C6-E9A8-4D15-9A88-C28B663BF4A8}.Release|Any CPU.ActiveCfg = Release|Any CPU
		{E0DD16C6-E9A8-4D15-9A88-C28B663BF4A8}.Release|Any CPU.Build.0 = Release|Any CPU
		{E3EAE271-7991-4987-914E-CB81CC16CF1C}.Debug|Any CPU.ActiveCfg = Debug|Any CPU
		{E3EAE271-7991-4987-914E-CB81CC16CF1C}.Debug|Any CPU.Build.0 = Debug|Any CPU
		{E3EAE271-7991-4987-914E-CB81CC16CF1C}.Release|Any CPU.ActiveCfg = Release|Any CPU
		{E3EAE271-7991-4987-914E-CB81CC16CF1C}.Release|Any CPU.Build.0 = Release|Any CPU
		{71B030AB-45F6-419F-BF05-98B43DBBF38C}.Debug|Any CPU.ActiveCfg = Debug|Any CPU
		{71B030AB-45F6-419F-BF05-98B43DBBF38C}.Debug|Any CPU.Build.0 = Debug|Any CPU
		{71B030AB-45F6-419F-BF05-98B43DBBF38C}.Release|Any CPU.ActiveCfg = Release|Any CPU
		{71B030AB-45F6-419F-BF05-98B43DBBF38C}.Release|Any CPU.Build.0 = Release|Any CPU
		{F7D45ABF-53F8-4C3C-A530-BF25B4A12523}.Debug|Any CPU.ActiveCfg = Debug|Any CPU
		{F7D45ABF-53F8-4C3C-A530-BF25B4A12523}.Debug|Any CPU.Build.0 = Debug|Any CPU
		{F7D45ABF-53F8-4C3C-A530-BF25B4A12523}.Release|Any CPU.ActiveCfg = Release|Any CPU
		{F7D45ABF-53F8-4C3C-A530-BF25B4A12523}.Release|Any CPU.Build.0 = Release|Any CPU
		{8E0EFDD2-2C9C-4F33-B107-FA3ABD862134}.Debug|Any CPU.ActiveCfg = Debug|Any CPU
		{8E0EFDD2-2C9C-4F33-B107-FA3ABD862134}.Debug|Any CPU.Build.0 = Debug|Any CPU
		{8E0EFDD2-2C9C-4F33-B107-FA3ABD862134}.Release|Any CPU.ActiveCfg = Release|Any CPU
		{8E0EFDD2-2C9C-4F33-B107-FA3ABD862134}.Release|Any CPU.Build.0 = Release|Any CPU
		{CFD7FB99-2987-400E-A9B5-5DB1845A28B7}.Debug|Any CPU.ActiveCfg = Debug|Any CPU
		{CFD7FB99-2987-400E-A9B5-5DB1845A28B7}.Debug|Any CPU.Build.0 = Debug|Any CPU
		{CFD7FB99-2987-400E-A9B5-5DB1845A28B7}.Release|Any CPU.ActiveCfg = Release|Any CPU
		{CFD7FB99-2987-400E-A9B5-5DB1845A28B7}.Release|Any CPU.Build.0 = Release|Any CPU
	EndGlobalSection
	GlobalSection(SolutionProperties) = preSolution
		HideSolutionNode = FALSE
	EndGlobalSection
	GlobalSection(NestedProjects) = preSolution
		{69DC7184-66D5-48C1-8BD7-2C2F156A4AAE} = {288183A0-5841-497A-976A-90F71351E27E}
		{3A1E6514-AF52-44C5-A927-5D5B5C6C89E5} = {92B09792-4ACF-4937-B001-7D6D9422B87B}
		{2412663A-F345-42AA-BEA1-3BF6AE7F7C39} = {8FAEDCD7-CD46-48E1-8F1C-1A72291B440F}
		{2FBD614D-7717-4203-BD7C-9226FC0418D3} = {8FAEDCD7-CD46-48E1-8F1C-1A72291B440F}
		{F6900941-A8EA-4CB1-94CC-FF6ACE7903C9} = {8FAEDCD7-CD46-48E1-8F1C-1A72291B440F}
		{E58DC69D-B7FB-4B8C-BAF4-9D14C5D0E2EA} = {9CC69C82-3D7F-4894-A1FF-5B81C171D09F}
		{A7BF7A1D-6CE2-4CE1-952B-02F569481CE0} = {9CC69C82-3D7F-4894-A1FF-5B81C171D09F}
		{FBEFB6AA-990A-49A0-A0AD-3E84F757EBA4} = {9CC69C82-3D7F-4894-A1FF-5B81C171D09F}
		{96721C1F-821F-4FCB-9535-719963412DA0} = {0AD11E87-623F-4B4F-A2DA-F52655322E5D}
		{9CED485F-F6EF-4AB7-8EB5-D2858255E9B6} = {0AD11E87-623F-4B4F-A2DA-F52655322E5D}
		{4010E0A0-732B-4680-BA7C-622671A47E55} = {0AD11E87-623F-4B4F-A2DA-F52655322E5D}
		{1B83CAA8-C019-4F88-9209-59F7EABAC5CA} = {636863A1-6B3A-4036-89EB-5A1D7A281F4B}
		{94FC322A-9A53-4F36-A839-3262A76C2712} = {636863A1-6B3A-4036-89EB-5A1D7A281F4B}
		{8FB8CEE3-BE3D-428F-9068-CD8A3E6E86F3} = {636863A1-6B3A-4036-89EB-5A1D7A281F4B}
		{E0DD16C6-E9A8-4D15-9A88-C28B663BF4A8} = {67F516FA-1050-4F57-B486-71606339C7A5}
		{E3EAE271-7991-4987-914E-CB81CC16CF1C} = {67F516FA-1050-4F57-B486-71606339C7A5}
		{71B030AB-45F6-419F-BF05-98B43DBBF38C} = {67F516FA-1050-4F57-B486-71606339C7A5}
		{F7D45ABF-53F8-4C3C-A530-BF25B4A12523} = {7164516D-AC36-43AC-B51B-A867424DB0A6}
		{8E0EFDD2-2C9C-4F33-B107-FA3ABD862134} = {7164516D-AC36-43AC-B51B-A867424DB0A6}
		{CFD7FB99-2987-400E-A9B5-5DB1845A28B7} = {7164516D-AC36-43AC-B51B-A867424DB0A6}
	EndGlobalSection
	GlobalSection(ExtensibilityGlobals) = postSolution
		SolutionGuid = {57569121-B7D0-40EE-96E8-B26330F3735A}
	EndGlobalSection
EndGlobal
